
Microsoft Visual Studio Solution File, Format Version 11.00
# Visual C# Express 2010
Project("{FAE04EC0-301F-11D3-BF4B-00C04F79EFBC}") = "TheLuckyCountry", "TheLuckyCountry\TheLuckyCountry\TheLuckyCountry.csproj", "{56C8CB03-304C-4A51-B21F-31D99AC918F7}"
EndProject
Project("{96E2B04D-8817-42C6-938A-82C39BA4D311}") = "TheLuckyCountryContent", "TheLuckyCountry\TheLuckyCountryContent\TheLuckyCountryContent.contentproj", "{4CE71833-84D7-421B-ADD6-2D7A2892ECDF}"
EndProject
Project("{FAE04EC0-301F-11D3-BF4B-00C04F79EFBC}") = "XFlixel", "..\..\XNAFlixel\XFlixel\XFlixel.csproj", "{50463AEB-DA30-46D5-B01B-93F9C42F5765}"
EndProject
Project("{FAE04EC0-301F-11D3-BF4B-00C04F79EFBC}") = "XFlixelContent", "..\..\XNAFlixel\XFlixelContent\XFlixelContent.contentproj", "{327F8527-448C-470E-9016-949859914C92}"
EndProject
Project("{FAE04EC0-301F-11D3-BF4B-00C04F79EFBC}") = "Farseer Physics XNA", "..\..\XNAFlixel\XFlixel\Farseer Physics Engine 3.5\Farseer Physics XNA.csproj", "{0A850700-1ABB-4288-A391-6726B90EBEB9}"
EndProject
Global
	GlobalSection(SolutionConfigurationPlatforms) = preSolution
		Debug|x86 = Debug|x86
		DEMO|x86 = DEMO|x86
		FULL|x86 = FULL|x86
		MAKEGIF|x86 = MAKEGIF|x86
		PIRATE|x86 = PIRATE|x86
		PRESS|x86 = PRESS|x86
		Release|x86 = Release|x86
		Revvolvver|x86 = Revvolvver|x86
	EndGlobalSection
	GlobalSection(ProjectConfigurationPlatforms) = postSolution
		{56C8CB03-304C-4A51-B21F-31D99AC918F7}.Debug|x86.ActiveCfg = Debug|x86
		{56C8CB03-304C-4A51-B21F-31D99AC918F7}.Debug|x86.Build.0 = Debug|x86
		{56C8CB03-304C-4A51-B21F-31D99AC918F7}.DEMO|x86.ActiveCfg = Debug|x86
		{56C8CB03-304C-4A51-B21F-31D99AC918F7}.DEMO|x86.Build.0 = Debug|x86
		{56C8CB03-304C-4A51-B21F-31D99AC918F7}.FULL|x86.ActiveCfg = Release|x86
		{56C8CB03-304C-4A51-B21F-31D99AC918F7}.FULL|x86.Build.0 = Release|x86
		{56C8CB03-304C-4A51-B21F-31D99AC918F7}.MAKEGIF|x86.ActiveCfg = Release|x86
		{56C8CB03-304C-4A51-B21F-31D99AC918F7}.MAKEGIF|x86.Build.0 = Release|x86
		{56C8CB03-304C-4A51-B21F-31D99AC918F7}.PIRATE|x86.ActiveCfg = Release|x86
		{56C8CB03-304C-4A51-B21F-31D99AC918F7}.PIRATE|x86.Build.0 = Release|x86
		{56C8CB03-304C-4A51-B21F-31D99AC918F7}.PRESS|x86.ActiveCfg = Release|x86
		{56C8CB03-304C-4A51-B21F-31D99AC918F7}.PRESS|x86.Build.0 = Release|x86
		{56C8CB03-304C-4A51-B21F-31D99AC918F7}.Release|x86.ActiveCfg = Release|x86
		{56C8CB03-304C-4A51-B21F-31D99AC918F7}.Release|x86.Build.0 = Release|x86
		{56C8CB03-304C-4A51-B21F-31D99AC918F7}.Revvolvver|x86.ActiveCfg = Release|x86
		{56C8CB03-304C-4A51-B21F-31D99AC918F7}.Revvolvver|x86.Build.0 = Release|x86
		{4CE71833-84D7-421B-ADD6-2D7A2892ECDF}.Debug|x86.ActiveCfg = Debug|x86
		{4CE71833-84D7-421B-ADD6-2D7A2892ECDF}.DEMO|x86.ActiveCfg = Debug|x86
		{4CE71833-84D7-421B-ADD6-2D7A2892ECDF}.FULL|x86.ActiveCfg = Release|x86
		{4CE71833-84D7-421B-ADD6-2D7A2892ECDF}.MAKEGIF|x86.ActiveCfg = Release|x86
		{4CE71833-84D7-421B-ADD6-2D7A2892ECDF}.PIRATE|x86.ActiveCfg = Release|x86
		{4CE71833-84D7-421B-ADD6-2D7A2892ECDF}.PRESS|x86.ActiveCfg = Release|x86
		{4CE71833-84D7-421B-ADD6-2D7A2892ECDF}.Release|x86.ActiveCfg = Release|x86
		{4CE71833-84D7-421B-ADD6-2D7A2892ECDF}.Revvolvver|x86.ActiveCfg = Release|x86
		{50463AEB-DA30-46D5-B01B-93F9C42F5765}.Debug|x86.ActiveCfg = Debug|x86
		{50463AEB-DA30-46D5-B01B-93F9C42F5765}.Debug|x86.Build.0 = Debug|x86
		{50463AEB-DA30-46D5-B01B-93F9C42F5765}.DEMO|x86.ActiveCfg = DEMO|x86
		{50463AEB-DA30-46D5-B01B-93F9C42F5765}.DEMO|x86.Build.0 = DEMO|x86
		{50463AEB-DA30-46D5-B01B-93F9C42F5765}.FULL|x86.ActiveCfg = FULL|x86
		{50463AEB-DA30-46D5-B01B-93F9C42F5765}.FULL|x86.Build.0 = FULL|x86
		{50463AEB-DA30-46D5-B01B-93F9C42F5765}.MAKEGIF|x86.ActiveCfg = MAKEGIF|x86
		{50463AEB-DA30-46D5-B01B-93F9C42F5765}.MAKEGIF|x86.Build.0 = MAKEGIF|x86
		{50463AEB-DA30-46D5-B01B-93F9C42F5765}.PIRATE|x86.ActiveCfg = PIRATE|x86
		{50463AEB-DA30-46D5-B01B-93F9C42F5765}.PIRATE|x86.Build.0 = PIRATE|x86
		{50463AEB-DA30-46D5-B01B-93F9C42F5765}.PRESS|x86.ActiveCfg = PRESS|x86
		{50463AEB-DA30-46D5-B01B-93F9C42F5765}.PRESS|x86.Build.0 = PRESS|x86
		{50463AEB-DA30-46D5-B01B-93F9C42F5765}.Release|x86.ActiveCfg = Release|x86
		{50463AEB-DA30-46D5-B01B-93F9C42F5765}.Release|x86.Build.0 = Release|x86
		{50463AEB-DA30-46D5-B01B-93F9C42F5765}.Revvolvver|x86.ActiveCfg = Revvolvver|x86
		{50463AEB-DA30-46D5-B01B-93F9C42F5765}.Revvolvver|x86.Build.0 = Revvolvver|x86
		{327F8527-448C-470E-9016-949859914C92}.Debug|x86.ActiveCfg = Debug|x86
		{327F8527-448C-470E-9016-949859914C92}.DEMO|x86.ActiveCfg = Debug|x86
		{327F8527-448C-470E-9016-949859914C92}.FULL|x86.ActiveCfg = Release|x86
		{327F8527-448C-470E-9016-949859914C92}.MAKEGIF|x86.ActiveCfg = Release|x86
		{327F8527-448C-470E-9016-949859914C92}.PIRATE|x86.ActiveCfg = Release|x86
		{327F8527-448C-470E-9016-949859914C92}.PRESS|x86.ActiveCfg = Release|x86
		{327F8527-448C-470E-9016-949859914C92}.Release|x86.ActiveCfg = Release|x86
		{327F8527-448C-470E-9016-949859914C92}.Revvolvver|x86.ActiveCfg = Release|x86
		{0A850700-1ABB-4288-A391-6726B90EBEB9}.Debug|x86.ActiveCfg = Debug|x86
		{0A850700-1ABB-4288-A391-6726B90EBEB9}.Debug|x86.Build.0 = Debug|x86
		{0A850700-1ABB-4288-A391-6726B90EBEB9}.DEMO|x86.ActiveCfg = Debug|x86
		{0A850700-1ABB-4288-A391-6726B90EBEB9}.DEMO|x86.Build.0 = Debug|x86
		{0A850700-1ABB-4288-A391-6726B90EBEB9}.FULL|x86.ActiveCfg = Release|x86
		{0A850700-1ABB-4288-A391-6726B90EBEB9}.FULL|x86.Build.0 = Release|x86
		{0A850700-1ABB-4288-A391-6726B90EBEB9}.MAKEGIF|x86.ActiveCfg = Release|x86
		{0A850700-1ABB-4288-A391-6726B90EBEB9}.MAKEGIF|x86.Build.0 = Release|x86
		{0A850700-1ABB-4288-A391-6726B90EBEB9}.PIRATE|x86.ActiveCfg = Release|x86
		{0A850700-1ABB-4288-A391-6726B90EBEB9}.PIRATE|x86.Build.0 = Release|x86
		{0A850700-1ABB-4288-A391-6726B90EBEB9}.PRESS|x86.ActiveCfg = Release|x86
		{0A850700-1ABB-4288-A391-6726B90EBEB9}.PRESS|x86.Build.0 = Release|x86
		{0A850700-1ABB-4288-A391-6726B90EBEB9}.Release|x86.ActiveCfg = Release|x86
		{0A850700-1ABB-4288-A391-6726B90EBEB9}.Release|x86.Build.0 = Release|x86
		{0A850700-1ABB-4288-A391-6726B90EBEB9}.Revvolvver|x86.ActiveCfg = Release|x86
		{0A850700-1ABB-4288-A391-6726B90EBEB9}.Revvolvver|x86.Build.0 = Release|x86
	EndGlobalSection
	GlobalSection(SolutionProperties) = preSolution
		HideSolutionNode = FALSE
	EndGlobalSection
EndGlobal
